
Microsoft Visual Studio Solution File, Format Version 12.00
# Visual Studio Version 17
VisualStudioVersion = 17.2.32526.322
MinimumVisualStudioVersion = 10.0.40219.1
Project("{2150E333-8FDC-42A3-9474-1A3956D46DE8}") = "src", "src", "{4E0832FF-D405-435E-A29E-0B89E191E325}"
EndProject
Project("{9A19103F-16F7-4668-BE54-9A1E7A4F7556}") = "EAfspraak.Infrastructure", "src\EAfspraak.Infrastructure\EAfspraak.Infrastructure.csproj", "{E89602FD-9251-49FD-9EAD-F093960C0BE1}"
EndProject
Project("{9A19103F-16F7-4668-BE54-9A1E7A4F7556}") = "EAfspraak.Domain", "src\EAfspraak.Domain\EAfspraak.Domain.csproj", "{68E3472F-A826-4043-AE38-97F20BFE02A0}"
EndProject
Project("{9A19103F-16F7-4668-BE54-9A1E7A4F7556}") = "UnitTestProject", "src\UnitTestProject\UnitTestProject.csproj", "{A522C55D-C363-49F2-8319-7EDA9F5A0193}"
EndProject
Project("{9A19103F-16F7-4668-BE54-9A1E7A4F7556}") = "EAfspraak.Web", "src\EAfspraak.Web\EAfspraak.Web.csproj", "{C9865E70-ACF4-4A40-9716-5DAFE9E4C2B1}"
EndProject
Global
	GlobalSection(SolutionConfigurationPlatforms) = preSolution
		Debug|Any CPU = Debug|Any CPU
		Release|Any CPU = Release|Any CPU
	EndGlobalSection
	GlobalSection(ProjectConfigurationPlatforms) = postSolution
		{E89602FD-9251-49FD-9EAD-F093960C0BE1}.Debug|Any CPU.ActiveCfg = Debug|Any CPU
		{E89602FD-9251-49FD-9EAD-F093960C0BE1}.Debug|Any CPU.Build.0 = Debug|Any CPU
		{E89602FD-9251-49FD-9EAD-F093960C0BE1}.Release|Any CPU.ActiveCfg = Release|Any CPU
		{E89602FD-9251-49FD-9EAD-F093960C0BE1}.Release|Any CPU.Build.0 = Release|Any CPU
		{68E3472F-A826-4043-AE38-97F20BFE02A0}.Debug|Any CPU.ActiveCfg = Debug|Any CPU
		{68E3472F-A826-4043-AE38-97F20BFE02A0}.Debug|Any CPU.Build.0 = Debug|Any CPU
		{68E3472F-A826-4043-AE38-97F20BFE02A0}.Release|Any CPU.ActiveCfg = Release|Any CPU
		{68E3472F-A826-4043-AE38-97F20BFE02A0}.Release|Any CPU.Build.0 = Release|Any CPU
		{A522C55D-C363-49F2-8319-7EDA9F5A0193}.Debug|Any CPU.ActiveCfg = Debug|Any CPU
		{A522C55D-C363-49F2-8319-7EDA9F5A0193}.Debug|Any CPU.Build.0 = Debug|Any CPU
		{A522C55D-C363-49F2-8319-7EDA9F5A0193}.Release|Any CPU.ActiveCfg = Release|Any CPU
		{A522C55D-C363-49F2-8319-7EDA9F5A0193}.Release|Any CPU.Build.0 = Release|Any CPU
		{C9865E70-ACF4-4A40-9716-5DAFE9E4C2B1}.Debug|Any CPU.ActiveCfg = Debug|Any CPU
		{C9865E70-ACF4-4A40-9716-5DAFE9E4C2B1}.Debug|Any CPU.Build.0 = Debug|Any CPU
		{C9865E70-ACF4-4A40-9716-5DAFE9E4C2B1}.Release|Any CPU.ActiveCfg = Release|Any CPU
		{C9865E70-ACF4-4A40-9716-5DAFE9E4C2B1}.Release|Any CPU.Build.0 = Release|Any CPU
	EndGlobalSection
	GlobalSection(SolutionProperties) = preSolution
		HideSolutionNode = FALSE
	EndGlobalSection
	GlobalSection(NestedProjects) = preSolution
		{E89602FD-9251-49FD-9EAD-F093960C0BE1} = {4E0832FF-D405-435E-A29E-0B89E191E325}
		{68E3472F-A826-4043-AE38-97F20BFE02A0} = {4E0832FF-D405-435E-A29E-0B89E191E325}
		{A522C55D-C363-49F2-8319-7EDA9F5A0193} = {4E0832FF-D405-435E-A29E-0B89E191E325}
		{C9865E70-ACF4-4A40-9716-5DAFE9E4C2B1} = {4E0832FF-D405-435E-A29E-0B89E191E325}
	EndGlobalSection
	GlobalSection(ExtensibilityGlobals) = postSolution
		SolutionGuid = {FA94A7AD-4DBD-483B-BB79-BBACC591977A}
	EndGlobalSection
EndGlobal
