
Microsoft Visual Studio Solution File, Format Version 12.00
# Visual Studio Version 17
VisualStudioVersion = 17.2.32526.322
MinimumVisualStudioVersion = 10.0.40219.1
Project("{2150E333-8FDC-42A3-9474-1A3956D46DE8}") = "src", "src", "{4E0832FF-D405-435E-A29E-0B89E191E325}"
EndProject
Project("{9A19103F-16F7-4668-BE54-9A1E7A4F7556}") = "EAfspraak.Entities", "src\EAfspraak.Entities\EAfspraak.Entities.csproj", "{1AA7D71D-FF5E-4D94-BB9D-C8890F10F6B6}"
EndProject
Project("{FAE04EC0-301F-11D3-BF4B-00C04F79EFBC}") = "EAfspraak.DataLayer", "src\EAfspraak.DataLayer\EAfspraak.DataLayer.csproj", "{6A6C658A-2C8F-4C14-80C9-CEF5B8A8A50B}"
EndProject
Project("{FAE04EC0-301F-11D3-BF4B-00C04F79EFBC}") = "EAfspraak.Common", "src\EAfspraak.Common\EAfspraak.Common.csproj", "{BF1DE457-A7B4-4C2F-B756-E5BDA288B014}"
EndProject
Global
	GlobalSection(SolutionConfigurationPlatforms) = preSolution
		Debug|Any CPU = Debug|Any CPU
		Release|Any CPU = Release|Any CPU
	EndGlobalSection
	GlobalSection(ProjectConfigurationPlatforms) = postSolution
		{1AA7D71D-FF5E-4D94-BB9D-C8890F10F6B6}.Debug|Any CPU.ActiveCfg = Debug|Any CPU
		{1AA7D71D-FF5E-4D94-BB9D-C8890F10F6B6}.Debug|Any CPU.Build.0 = Debug|Any CPU
		{1AA7D71D-FF5E-4D94-BB9D-C8890F10F6B6}.Release|Any CPU.ActiveCfg = Release|Any CPU
		{1AA7D71D-FF5E-4D94-BB9D-C8890F10F6B6}.Release|Any CPU.Build.0 = Release|Any CPU
		{6A6C658A-2C8F-4C14-80C9-CEF5B8A8A50B}.Debug|Any CPU.ActiveCfg = Debug|Any CPU
		{6A6C658A-2C8F-4C14-80C9-CEF5B8A8A50B}.Debug|Any CPU.Build.0 = Debug|Any CPU
		{6A6C658A-2C8F-4C14-80C9-CEF5B8A8A50B}.Release|Any CPU.ActiveCfg = Release|Any CPU
		{6A6C658A-2C8F-4C14-80C9-CEF5B8A8A50B}.Release|Any CPU.Build.0 = Release|Any CPU
		{BF1DE457-A7B4-4C2F-B756-E5BDA288B014}.Debug|Any CPU.ActiveCfg = Debug|Any CPU
		{BF1DE457-A7B4-4C2F-B756-E5BDA288B014}.Debug|Any CPU.Build.0 = Debug|Any CPU
		{BF1DE457-A7B4-4C2F-B756-E5BDA288B014}.Release|Any CPU.ActiveCfg = Release|Any CPU
		{BF1DE457-A7B4-4C2F-B756-E5BDA288B014}.Release|Any CPU.Build.0 = Release|Any CPU
	EndGlobalSection
	GlobalSection(SolutionProperties) = preSolution
		HideSolutionNode = FALSE
	EndGlobalSection
	GlobalSection(NestedProjects) = preSolution
		{1AA7D71D-FF5E-4D94-BB9D-C8890F10F6B6} = {4E0832FF-D405-435E-A29E-0B89E191E325}
		{6A6C658A-2C8F-4C14-80C9-CEF5B8A8A50B} = {4E0832FF-D405-435E-A29E-0B89E191E325}
		{BF1DE457-A7B4-4C2F-B756-E5BDA288B014} = {4E0832FF-D405-435E-A29E-0B89E191E325}
	EndGlobalSection
	GlobalSection(ExtensibilityGlobals) = postSolution
		SolutionGuid = {FA94A7AD-4DBD-483B-BB79-BBACC591977A}
	EndGlobalSection
EndGlobal
